# This file is automatically @generated by Cargo.
# It is not intended for manual editing.
version = 4

[[package]]
name = "drop_tracer"
version = "0.2.1"
dependencies = [
 "test_panic",
]

[[package]]
name = "test_panic"
version = "0.4.0"
source = "registry+https://github.com/rust-lang/crates.io-index"
checksum = "aca0abf6f8968356e8236fba75ee5a4dc3c2da59fc5780d97a207e4c5545f18c"
